
Microsoft Visual Studio Solution File, Format Version 12.00
# Visual Studio Version 16
VisualStudioVersion = 16.0.31019.35
MinimumVisualStudioVersion = 10.0.40219.1
Project("{FAE04EC0-301F-11D3-BF4B-00C04F79EFBC}") = "DataBaseFirstAPI", "DataBaseFirstAPI\DataBaseFirstAPI.csproj", "{45100D07-9AEF-44C6-B6FA-663C55DBC2DE}"
EndProject
Project("{FAE04EC0-301F-11D3-BF4B-00C04F79EFBC}") = "EmployeeDataLayer", "EmployeeDataLayer\EmployeeDataLayer.csproj", "{8285BC1E-C497-4B7B-B7F4-4FB49516CDA6}"
EndProject
Global
	GlobalSection(SolutionConfigurationPlatforms) = preSolution
		Debug|Any CPU = Debug|Any CPU
		Release|Any CPU = Release|Any CPU
	EndGlobalSection
	GlobalSection(ProjectConfigurationPlatforms) = postSolution
		{45100D07-9AEF-44C6-B6FA-663C55DBC2DE}.Debug|Any CPU.ActiveCfg = Debug|Any CPU
		{45100D07-9AEF-44C6-B6FA-663C55DBC2DE}.Debug|Any CPU.Build.0 = Debug|Any CPU
		{45100D07-9AEF-44C6-B6FA-663C55DBC2DE}.Release|Any CPU.ActiveCfg = Release|Any CPU
		{45100D07-9AEF-44C6-B6FA-663C55DBC2DE}.Release|Any CPU.Build.0 = Release|Any CPU
		{8285BC1E-C497-4B7B-B7F4-4FB49516CDA6}.Debug|Any CPU.ActiveCfg = Debug|Any CPU
		{8285BC1E-C497-4B7B-B7F4-4FB49516CDA6}.Debug|Any CPU.Build.0 = Debug|Any CPU
		{8285BC1E-C497-4B7B-B7F4-4FB49516CDA6}.Release|Any CPU.ActiveCfg = Release|Any CPU
		{8285BC1E-C497-4B7B-B7F4-4FB49516CDA6}.Release|Any CPU.Build.0 = Release|Any CPU
	EndGlobalSection
	GlobalSection(SolutionProperties) = preSolution
		HideSolutionNode = FALSE
	EndGlobalSection
	GlobalSection(ExtensibilityGlobals) = postSolution
		SolutionGuid = {F4EA7123-9186-4F03-BC0F-BAF66D228CDC}
	EndGlobalSection
EndGlobal
